schema: '2.0'
stages:
  prepare:
    cmd: python3 src/prepare.py
    deps:
    - path: data/raw
      hash: md5
      md5: 10b9bdc63ad088638a34afd24d748da0.dir
      size: 106565584
      nfiles: 13399
    - path: src/prepare.py
      hash: md5
      md5: ef804f358e00edcfe52c865b471f8f55
      size: 1231
    outs:
    - path: data/prepared/test.csv
      hash: md5
      md5: 82f0e6b41af212b662d5c4e4ce637825
      size: 168538
    - path: data/prepared/train.csv
      hash: md5
      md5: 332176d30821064e8cfd0d6012f2f0cd
      size: 413113
  train:
    cmd: python3 src/train.py
    deps:
    - path: data/prepared/train.csv
      hash: md5
      md5: 332176d30821064e8cfd0d6012f2f0cd
      size: 413113
    - path: src/train.py
      hash: md5
      md5: ad34e87f4d781a9d01979df26ca69fca
      size: 1325
    outs:
    - path: model/model.joblib
      hash: md5
      md5: 4a60af7424f960b7879f5db71cda8473
      size: 241148
  evaluate:
    cmd: python3 src/evaluate.py
    deps:
    - path: model/model.joblib
      hash: md5
      md5: 4a60af7424f960b7879f5db71cda8473
      size: 241148
    - path: src/evaluate.py
      hash: md5
      md5: b197277667d6269271fff4ae4af8a941
      size: 645
    outs:
    - path: metrics/accuracy.json
      hash: md5
      md5: ca3d1d2d8f2dd39ab12f93b2b359f5c6
      size: 32
