schema: '2.0'
stages:
  prepare:
    cmd: python3 src/prepare.py
    deps:
    - path: data/raw
      hash: md5
      md5: 10b9bdc63ad088638a34afd24d748da0.dir
      size: 106565584
      nfiles: 13399
    - path: src/prepare.py
      hash: md5
      md5: ef804f358e00edcfe52c865b471f8f55
      size: 1231
    outs:
    - path: data/prepared/test.csv
      hash: md5
      md5: 82f0e6b41af212b662d5c4e4ce637825
      size: 168538
    - path: data/prepared/train.csv
      hash: md5
      md5: 332176d30821064e8cfd0d6012f2f0cd
      size: 413113
  train:
    cmd: python3 src/train.py
    deps:
    - path: data/prepared/train.csv
      hash: md5
      md5: 332176d30821064e8cfd0d6012f2f0cd
      size: 413113
    - path: src/train.py
      hash: md5
      md5: 3363e5db83cc3fa372f5438633b99f65
      size: 1371
    outs:
    - path: model/model.joblib
      hash: md5
      md5: b3c5da28f6658b71885c85e4193ab9d5
      size: 1842633
  evaluate:
    cmd: python3 src/evaluate.py
    deps:
    - path: model/model.joblib
      hash: md5
      md5: b3c5da28f6658b71885c85e4193ab9d5
      size: 1842633
    - path: src/evaluate.py
      hash: md5
      md5: b197277667d6269271fff4ae4af8a941
      size: 645
    outs:
    - path: metrics/accuracy.json
      hash: md5
      md5: 01823cab952d5d18d844df8b6a249ffc
      size: 32
